
Microsoft Visual Studio Solution File, Format Version 12.00
# Visual Studio 15
VisualStudioVersion = 15.0.26124.0
MinimumVisualStudioVersion = 15.0.26124.0
Project("{FAE04EC0-301F-11D3-BF4B-00C04F79EFBC}") = "Contagion.API", "Contagion.API\Contagion.API.csproj", "{CB49FC7B-8200-4CC8-B1DD-4386807E4005}"
EndProject
Project("{FAE04EC0-301F-11D3-BF4B-00C04F79EFBC}") = "Contagion.Domain", "Contagion.Domain\Contagion.Domain.csproj", "{AC6D9192-D5DC-44B6-B5A6-27CA2C2DF7B0}"
EndProject
Project("{FAE04EC0-301F-11D3-BF4B-00C04F79EFBC}") = "Contagion.Storage", "Contagion.Storage\Contagion.Storage.csproj", "{C1B851FF-3E1F-4900-AD17-23E440023434}"
EndProject
Project("{FAE04EC0-301F-11D3-BF4B-00C04F79EFBC}") = "Contagion.Testing", "Contagion.Testing\Contagion.Testing.csproj", "{1E5F52C3-6412-42BF-ADFD-8669E24C92EA}"
EndProject
Global
	GlobalSection(SolutionConfigurationPlatforms) = preSolution
		Debug|Any CPU = Debug|Any CPU
		Debug|x64 = Debug|x64
		Debug|x86 = Debug|x86
		Release|Any CPU = Release|Any CPU
		Release|x64 = Release|x64
		Release|x86 = Release|x86
	EndGlobalSection
	GlobalSection(SolutionProperties) = preSolution
		HideSolutionNode = FALSE
	EndGlobalSection
	GlobalSection(ProjectConfigurationPlatforms) = postSolution
		{CB49FC7B-8200-4CC8-B1DD-4386807E4005}.Debug|Any CPU.ActiveCfg = Debug|Any CPU
		{CB49FC7B-8200-4CC8-B1DD-4386807E4005}.Debug|Any CPU.Build.0 = Debug|Any CPU
		{CB49FC7B-8200-4CC8-B1DD-4386807E4005}.Debug|x64.ActiveCfg = Debug|Any CPU
		{CB49FC7B-8200-4CC8-B1DD-4386807E4005}.Debug|x64.Build.0 = Debug|Any CPU
		{CB49FC7B-8200-4CC8-B1DD-4386807E4005}.Debug|x86.ActiveCfg = Debug|Any CPU
		{CB49FC7B-8200-4CC8-B1DD-4386807E4005}.Debug|x86.Build.0 = Debug|Any CPU
		{CB49FC7B-8200-4CC8-B1DD-4386807E4005}.Release|Any CPU.ActiveCfg = Release|Any CPU
		{CB49FC7B-8200-4CC8-B1DD-4386807E4005}.Release|Any CPU.Build.0 = Release|Any CPU
		{CB49FC7B-8200-4CC8-B1DD-4386807E4005}.Release|x64.ActiveCfg = Release|Any CPU
		{CB49FC7B-8200-4CC8-B1DD-4386807E4005}.Release|x64.Build.0 = Release|Any CPU
		{CB49FC7B-8200-4CC8-B1DD-4386807E4005}.Release|x86.ActiveCfg = Release|Any CPU
		{CB49FC7B-8200-4CC8-B1DD-4386807E4005}.Release|x86.Build.0 = Release|Any CPU
		{AC6D9192-D5DC-44B6-B5A6-27CA2C2DF7B0}.Debug|Any CPU.ActiveCfg = Debug|Any CPU
		{AC6D9192-D5DC-44B6-B5A6-27CA2C2DF7B0}.Debug|Any CPU.Build.0 = Debug|Any CPU
		{AC6D9192-D5DC-44B6-B5A6-27CA2C2DF7B0}.Debug|x64.ActiveCfg = Debug|Any CPU
		{AC6D9192-D5DC-44B6-B5A6-27CA2C2DF7B0}.Debug|x64.Build.0 = Debug|Any CPU
		{AC6D9192-D5DC-44B6-B5A6-27CA2C2DF7B0}.Debug|x86.ActiveCfg = Debug|Any CPU
		{AC6D9192-D5DC-44B6-B5A6-27CA2C2DF7B0}.Debug|x86.Build.0 = Debug|Any CPU
		{AC6D9192-D5DC-44B6-B5A6-27CA2C2DF7B0}.Release|Any CPU.ActiveCfg = Release|Any CPU
		{AC6D9192-D5DC-44B6-B5A6-27CA2C2DF7B0}.Release|Any CPU.Build.0 = Release|Any CPU
		{AC6D9192-D5DC-44B6-B5A6-27CA2C2DF7B0}.Release|x64.ActiveCfg = Release|Any CPU
		{AC6D9192-D5DC-44B6-B5A6-27CA2C2DF7B0}.Release|x64.Build.0 = Release|Any CPU
		{AC6D9192-D5DC-44B6-B5A6-27CA2C2DF7B0}.Release|x86.ActiveCfg = Release|Any CPU
		{AC6D9192-D5DC-44B6-B5A6-27CA2C2DF7B0}.Release|x86.Build.0 = Release|Any CPU
		{C1B851FF-3E1F-4900-AD17-23E440023434}.Debug|Any CPU.ActiveCfg = Debug|Any CPU
		{C1B851FF-3E1F-4900-AD17-23E440023434}.Debug|Any CPU.Build.0 = Debug|Any CPU
		{C1B851FF-3E1F-4900-AD17-23E440023434}.Debug|x64.ActiveCfg = Debug|Any CPU
		{C1B851FF-3E1F-4900-AD17-23E440023434}.Debug|x64.Build.0 = Debug|Any CPU
		{C1B851FF-3E1F-4900-AD17-23E440023434}.Debug|x86.ActiveCfg = Debug|Any CPU
		{C1B851FF-3E1F-4900-AD17-23E440023434}.Debug|x86.Build.0 = Debug|Any CPU
		{C1B851FF-3E1F-4900-AD17-23E440023434}.Release|Any CPU.ActiveCfg = Release|Any CPU
		{C1B851FF-3E1F-4900-AD17-23E440023434}.Release|Any CPU.Build.0 = Release|Any CPU
		{C1B851FF-3E1F-4900-AD17-23E440023434}.Release|x64.ActiveCfg = Release|Any CPU
		{C1B851FF-3E1F-4900-AD17-23E440023434}.Release|x64.Build.0 = Release|Any CPU
		{C1B851FF-3E1F-4900-AD17-23E440023434}.Release|x86.ActiveCfg = Release|Any CPU
		{C1B851FF-3E1F-4900-AD17-23E440023434}.Release|x86.Build.0 = Release|Any CPU
		{1E5F52C3-6412-42BF-ADFD-8669E24C92EA}.Debug|Any CPU.ActiveCfg = Debug|Any CPU
		{1E5F52C3-6412-42BF-ADFD-8669E24C92EA}.Debug|Any CPU.Build.0 = Debug|Any CPU
		{1E5F52C3-6412-42BF-ADFD-8669E24C92EA}.Debug|x64.ActiveCfg = Debug|Any CPU
		{1E5F52C3-6412-42BF-ADFD-8669E24C92EA}.Debug|x64.Build.0 = Debug|Any CPU
		{1E5F52C3-6412-42BF-ADFD-8669E24C92EA}.Debug|x86.ActiveCfg = Debug|Any CPU
		{1E5F52C3-6412-42BF-ADFD-8669E24C92EA}.Debug|x86.Build.0 = Debug|Any CPU
		{1E5F52C3-6412-42BF-ADFD-8669E24C92EA}.Release|Any CPU.ActiveCfg = Release|Any CPU
		{1E5F52C3-6412-42BF-ADFD-8669E24C92EA}.Release|Any CPU.Build.0 = Release|Any CPU
		{1E5F52C3-6412-42BF-ADFD-8669E24C92EA}.Release|x64.ActiveCfg = Release|Any CPU
		{1E5F52C3-6412-42BF-ADFD-8669E24C92EA}.Release|x64.Build.0 = Release|Any CPU
		{1E5F52C3-6412-42BF-ADFD-8669E24C92EA}.Release|x86.ActiveCfg = Release|Any CPU
		{1E5F52C3-6412-42BF-ADFD-8669E24C92EA}.Release|x86.Build.0 = Release|Any CPU
	EndGlobalSection
EndGlobal
